
Microsoft Visual Studio Solution File, Format Version 12.00
# Visual Studio Version 17
VisualStudioVersion = 17.12.35728.132 d17.12
MinimumVisualStudioVersion = 10.0.40219.1
Project("{FAE04EC0-301F-11D3-BF4B-00C04F79EFBC}") = "OnlineEdu.API", "OnlineEdu.API\OnlineEdu.API.csproj", "{AC87791F-499F-490E-8D4F-5F028FFAB871}"
EndProject
Global
	GlobalSection(SolutionConfigurationPlatforms) = preSolution
		Debug|Any CPU = Debug|Any CPU
		Release|Any CPU = Release|Any CPU
	EndGlobalSection
	GlobalSection(ProjectConfigurationPlatforms) = postSolution
		{AC87791F-499F-490E-8D4F-5F028FFAB871}.Debug|Any CPU.ActiveCfg = Debug|Any CPU
		{AC87791F-499F-490E-8D4F-5F028FFAB871}.Debug|Any CPU.Build.0 = Debug|Any CPU
		{AC87791F-499F-490E-8D4F-5F028FFAB871}.Release|Any CPU.ActiveCfg = Release|Any CPU
		{AC87791F-499F-490E-8D4F-5F028FFAB871}.Release|Any CPU.Build.0 = Release|Any CPU
	EndGlobalSection
	GlobalSection(SolutionProperties) = preSolution
		HideSolutionNode = FALSE
	EndGlobalSection
EndGlobal
